
Microsoft Visual Studio Solution File, Format Version 12.00
# Visual Studio 14
VisualStudioVersion = 14.0.25123.0
MinimumVisualStudioVersion = 10.0.40219.1
Project("{2150E333-8FDC-42A3-9474-1A3956D46DE8}") = "1.Clients", "1.Clients", "{EAA3FD76-230B-44E9-864D-2C44A9223BCE}"
EndProject
Project("{2150E333-8FDC-42A3-9474-1A3956D46DE8}") = "2.Managers", "2.Managers", "{DBB47963-D1DF-4FED-8D63-4CD5F19F88ED}"
EndProject
Project("{2150E333-8FDC-42A3-9474-1A3956D46DE8}") = "3.Engines", "3.Engines", "{CBE8CDEB-13F9-43EE-9492-F272E01D2785}"
EndProject
Project("{2150E333-8FDC-42A3-9474-1A3956D46DE8}") = "4.Resource Accessors", "4.Resource Accessors", "{2A24988C-E397-49C1-9320-A421009C55B5}"
EndProject
Project("{2150E333-8FDC-42A3-9474-1A3956D46DE8}") = "5.Shared", "5.Shared", "{DE9BCD0B-2F8E-4AAD-8FC3-B7005B7A18F0}"
EndProject
Project("{2150E333-8FDC-42A3-9474-1A3956D46DE8}") = "9.Tests", "9.Tests", "{6C3CA742-AA58-4241-987E-123B189C63BA}"
EndProject
Project("{FAE04EC0-301F-11D3-BF4B-00C04F79EFBC}") = "ABC.WPFClient", "ABC.WPFClient\ABC.WPFClient.csproj", "{6E69A4E5-2768-4156-A50F-CF16A14FEEBD}"
EndProject
Project("{FAE04EC0-301F-11D3-BF4B-00C04F79EFBC}") = "ABC.Managers", "ABC.Managers\ABC.Managers.csproj", "{A9DF4D33-D86C-4BCA-A0F8-42BE00A231A3}"
EndProject
Project("{FAE04EC0-301F-11D3-BF4B-00C04F79EFBC}") = "ABC.Accessors", "ABC.Accessors\ABC.Accessors.csproj", "{84063CBB-0AEB-42FB-AE92-5A628E6DD6E6}"
EndProject
Project("{FAE04EC0-301F-11D3-BF4B-00C04F79EFBC}") = "ABC.DataContracts", "ABC.DataContracts\ABC.DataContracts.csproj", "{8E64504E-0FC9-4116-9C9C-7C572A346CA3}"
EndProject
Global
	GlobalSection(SolutionConfigurationPlatforms) = preSolution
		Debug|Any CPU = Debug|Any CPU
		Release|Any CPU = Release|Any CPU
	EndGlobalSection
	GlobalSection(ProjectConfigurationPlatforms) = postSolution
		{6E69A4E5-2768-4156-A50F-CF16A14FEEBD}.Debug|Any CPU.ActiveCfg = Debug|Any CPU
		{6E69A4E5-2768-4156-A50F-CF16A14FEEBD}.Debug|Any CPU.Build.0 = Debug|Any CPU
		{6E69A4E5-2768-4156-A50F-CF16A14FEEBD}.Release|Any CPU.ActiveCfg = Release|Any CPU
		{6E69A4E5-2768-4156-A50F-CF16A14FEEBD}.Release|Any CPU.Build.0 = Release|Any CPU
		{A9DF4D33-D86C-4BCA-A0F8-42BE00A231A3}.Debug|Any CPU.ActiveCfg = Debug|Any CPU
		{A9DF4D33-D86C-4BCA-A0F8-42BE00A231A3}.Debug|Any CPU.Build.0 = Debug|Any CPU
		{A9DF4D33-D86C-4BCA-A0F8-42BE00A231A3}.Release|Any CPU.ActiveCfg = Release|Any CPU
		{A9DF4D33-D86C-4BCA-A0F8-42BE00A231A3}.Release|Any CPU.Build.0 = Release|Any CPU
		{84063CBB-0AEB-42FB-AE92-5A628E6DD6E6}.Debug|Any CPU.ActiveCfg = Debug|Any CPU
		{84063CBB-0AEB-42FB-AE92-5A628E6DD6E6}.Debug|Any CPU.Build.0 = Debug|Any CPU
		{84063CBB-0AEB-42FB-AE92-5A628E6DD6E6}.Release|Any CPU.ActiveCfg = Release|Any CPU
		{84063CBB-0AEB-42FB-AE92-5A628E6DD6E6}.Release|Any CPU.Build.0 = Release|Any CPU
		{8E64504E-0FC9-4116-9C9C-7C572A346CA3}.Debug|Any CPU.ActiveCfg = Debug|Any CPU
		{8E64504E-0FC9-4116-9C9C-7C572A346CA3}.Debug|Any CPU.Build.0 = Debug|Any CPU
		{8E64504E-0FC9-4116-9C9C-7C572A346CA3}.Release|Any CPU.ActiveCfg = Release|Any CPU
		{8E64504E-0FC9-4116-9C9C-7C572A346CA3}.Release|Any CPU.Build.0 = Release|Any CPU
	EndGlobalSection
	GlobalSection(SolutionProperties) = preSolution
		HideSolutionNode = FALSE
	EndGlobalSection
	GlobalSection(NestedProjects) = preSolution
		{6E69A4E5-2768-4156-A50F-CF16A14FEEBD} = {EAA3FD76-230B-44E9-864D-2C44A9223BCE}
		{A9DF4D33-D86C-4BCA-A0F8-42BE00A231A3} = {DBB47963-D1DF-4FED-8D63-4CD5F19F88ED}
		{84063CBB-0AEB-42FB-AE92-5A628E6DD6E6} = {2A24988C-E397-49C1-9320-A421009C55B5}
		{8E64504E-0FC9-4116-9C9C-7C572A346CA3} = {DE9BCD0B-2F8E-4AAD-8FC3-B7005B7A18F0}
	EndGlobalSection
EndGlobal
